
Microsoft Visual Studio Solution File, Format Version 12.00
# Visual Studio Version 17
VisualStudioVersion = 17.7.34031.279
MinimumVisualStudioVersion = 10.0.40219.1
Project("{FAE04EC0-301F-11D3-BF4B-00C04F79EFBC}") = "GestionVoituresExpress", "GestionVoituresExpress.csproj", "{B7E954AC-98F4-4744-9FF4-426A84FE2FAD}"
EndProject
Global
	GlobalSection(SolutionConfigurationPlatforms) = preSolution
		Debug|Any CPU = Debug|Any CPU
		Release|Any CPU = Release|Any CPU
	EndGlobalSection
	GlobalSection(ProjectConfigurationPlatforms) = postSolution
		{B7E954AC-98F4-4744-9FF4-426A84FE2FAD}.Debug|Any CPU.ActiveCfg = Debug|Any CPU
		{B7E954AC-98F4-4744-9FF4-426A84FE2FAD}.Debug|Any CPU.Build.0 = Debug|Any CPU
		{B7E954AC-98F4-4744-9FF4-426A84FE2FAD}.Release|Any CPU.ActiveCfg = Release|Any CPU
		{B7E954AC-98F4-4744-9FF4-426A84FE2FAD}.Release|Any CPU.Build.0 = Release|Any CPU
	EndGlobalSection
	GlobalSection(SolutionProperties) = preSolution
		HideSolutionNode = FALSE
	EndGlobalSection
	GlobalSection(ExtensibilityGlobals) = postSolution
		SolutionGuid = {3ACFEBA2-3CFD-4993-A289-1DA634ABA3E4}
	EndGlobalSection
EndGlobal
